Microsoft Visual Studio Solution File, Format Version 12.00
# Visual Studio Version 17
VisualStudioVersion = 17.5.2.0
MinimumVisualStudioVersion = 10.0.40219.1
Project("{FAE04EC0-301F-11D3-BF4B-00C04F79EFBC}") = "backend-cli-renting-service", "backend-cli-renting-service.csproj", "{7A7311E4-B90B-2454-C964-58554410B256}"
EndProject
Global
	GlobalSection(SolutionConfigurationPlatforms) = preSolution
		Debug|Any CPU = Debug|Any CPU
		Release|Any CPU = Release|Any CPU
	EndGlobalSection
	GlobalSection(ProjectConfigurationPlatforms) = postSolution
		{7A7311E4-B90B-2454-C964-58554410B256}.Debug|Any CPU.ActiveCfg = Debug|Any CPU
		{7A7311E4-B90B-2454-C964-58554410B256}.Debug|Any CPU.Build.0 = Debug|Any CPU
		{7A7311E4-B90B-2454-C964-58554410B256}.Release|Any CPU.ActiveCfg = Release|Any CPU
		{7A7311E4-B90B-2454-C964-58554410B256}.Release|Any CPU.Build.0 = Release|Any CPU
	EndGlobalSection
	GlobalSection(SolutionProperties) = preSolution
		HideSolutionNode = FALSE
	EndGlobalSection
	GlobalSection(ExtensibilityGlobals) = postSolution
		SolutionGuid = {DBCEBB7F-FA63-4425-828E-6ACD41628FC9}
	EndGlobalSection
EndGlobal
